
Microsoft Visual Studio Solution File, Format Version 12.00
# Visual Studio Version 16
VisualStudioVersion = 16.0.28803.202
MinimumVisualStudioVersion = 10.0.40219.1
Project("{FAE04EC0-301F-11D3-BF4B-00C04F79EFBC}") = "Bestelltool", "Bestelltool\Bestelltool.csproj", "{456BBECB-E9C3-4927-AE22-78441B3141A9}"
EndProject
Project("{FAE04EC0-301F-11D3-BF4B-00C04F79EFBC}") = "Bestelltool.Language", "Bestelltool.Language\Bestelltool.Language.csproj", "{D5AEFEFE-63D9-4997-99A3-D0EA3DFD5C36}"
EndProject
Global
	GlobalSection(SolutionConfigurationPlatforms) = preSolution
		Debug|Any CPU = Debug|Any CPU
		Release|Any CPU = Release|Any CPU
	EndGlobalSection
	GlobalSection(ProjectConfigurationPlatforms) = postSolution
		{456BBECB-E9C3-4927-AE22-78441B3141A9}.Debug|Any CPU.ActiveCfg = Debug|Any CPU
		{456BBECB-E9C3-4927-AE22-78441B3141A9}.Debug|Any CPU.Build.0 = Debug|Any CPU
		{456BBECB-E9C3-4927-AE22-78441B3141A9}.Release|Any CPU.ActiveCfg = Release|Any CPU
		{456BBECB-E9C3-4927-AE22-78441B3141A9}.Release|Any CPU.Build.0 = Release|Any CPU
		{D5AEFEFE-63D9-4997-99A3-D0EA3DFD5C36}.Debug|Any CPU.ActiveCfg = Debug|Any CPU
		{D5AEFEFE-63D9-4997-99A3-D0EA3DFD5C36}.Debug|Any CPU.Build.0 = Debug|Any CPU
		{D5AEFEFE-63D9-4997-99A3-D0EA3DFD5C36}.Release|Any CPU.ActiveCfg = Release|Any CPU
		{D5AEFEFE-63D9-4997-99A3-D0EA3DFD5C36}.Release|Any CPU.Build.0 = Release|Any CPU
	EndGlobalSection
	GlobalSection(SolutionProperties) = preSolution
		HideSolutionNode = FALSE
	EndGlobalSection
	GlobalSection(ExtensibilityGlobals) = postSolution
		SolutionGuid = {6EB2541B-7691-468D-A0D4-DE48B253B7E6}
	EndGlobalSection
EndGlobal
